{
  "name": "ffmpeg-push",
  "version": "1.0.0",
  "lockfileVersion": 2,
  "requires": true,
  "packages": {
    "": {
      "version": "1.0.0",
      "license": "ISC",
      "dependencies": {
        "@ffmpeg-installer/ffmpeg": "^1.1.0",
        "express": "^4.17.1",
        "express-ws": "^5.0.2",
        "fluent-ffmpeg": "^2.1.2",
        "websocket-stream": "^5.5.2"
      },
      "devDependencies": {
        "express": "^4.17.1",
        "express-ws": "^5.0.2",
        "fluent-ffmpeg": "^2.1.2",
        "websocket-stream": "^5.5.2"
      }
    },
    "node_modules/_express-ws@5.0.2@express-ws": {
      "name": "express-ws",
      "version": "5.0.2",
      "license": "BSD-2-Clause",
      "dependencies": {
        "ws": "^7.4.6"
      },
      "engines": {
        "node": ">=4.5.0"
      },
      "peerDependencies": {
        "express": "^4.0.0 || ^5.0.0-alpha.1"
      }
    },
    "node_modules/_express-ws@5.0.2@express-ws/node_modules/ws": {
      "resolved": "node_modules/_ws@7.5.5@ws",
      "link": true
    },
    "node_modules/_express@4.17.1@express": {
      "name": "express",
      "version": "4.17.1",
      "license": "MIT",
      "dependencies": {
        "accepts": "~1.3.7",
        "array-flatten": "1.1.1",
        "body-parser": "1.19.0",
        "content-disposition": "0.5.3",
        "content-type": "~1.0.4",
        "cookie": "0.4.0",
        "cookie-signature": "1.0.6",
        "debug": "2.6.9",
        "depd": "~1.1.2",
        "encodeurl": "~1.0.2",
        "escape-html": "~1.0.3",
        "etag": "~1.8.1",
        "finalhandler": "~1.1.2",
        "fresh": "0.5.2",
        "merge-descriptors": "1.0.1",
        "methods": "~1.1.2",
        "on-finished": "~2.3.0",
        "parseurl": "~1.3.3",
        "path-to-regexp": "0.1.7",
        "proxy-addr": "~2.0.5",
        "qs": "6.7.0",
        "range-parser": "~1.2.1",
        "safe-buffer": "5.1.2",
        "send": "0.17.1",
        "serve-static": "1.14.1",
        "setprototypeof": "1.1.1",
        "statuses": "~1.5.0",
        "type-is": "~1.6.18",
        "utils-merge": "1.0.1",
        "vary": "~1.1.2"
      },
      "engines": {
        "node": ">= 0.10.0"
      }
    },
    "node_modules/_express@4.17.1@express/node_modules/accepts": {
      "resolved": "node_modules/_accepts@1.3.7@accepts",
      "link": true
    },
    "node_modules/_express@4.17.1@express/node_modules/array-flatten": {
      "resolved": "node_modules/_array-flatten@1.1.1@array-flatten",
      "link": true
    },
    "node_modules/_express@4.17.1@express/node_modules/body-parser": {
      "resolved": "node_modules/_body-parser@1.19.0@body-parser",
      "link": true
    },
    "node_modules/_express@4.17.1@express/node_modules/content-disposition": {
      "resolved": "node_modules/_content-disposition@0.5.3@content-disposition",
      "link": true
    },
    "node_modules/_express@4.17.1@express/node_modules/content-type": {
      "resolved": "node_modules/_content-type@1.0.4@content-type",
      "link": true
    },
    "node_modules/_express@4.17.1@express/node_modules/cookie": {
      "resolved": "node_modules/_cookie@0.4.0@cookie",
      "link": true
    },
    "node_modules/_express@4.17.1@express/node_modules/cookie-signature": {
      "resolved": "node_modules/_cookie-signature@1.0.6@cookie-signature",
      "link": true
    },
    "node_modules/_express@4.17.1@express/node_modules/debug": {
      "resolved": "node_modules/_debug@2.6.9@debug",
      "link": true
    },
    "node_modules/_express@4.17.1@express/node_modules/depd": {
      "resolved": "node_modules/_depd@1.1.2@depd",
      "link": true
    },
    "node_modules/_express@4.17.1@express/node_modules/encodeurl": {
      "resolved": "node_modules/_encodeurl@1.0.2@encodeurl",
      "link": true
    },
    "node_modules/_express@4.17.1@express/node_modules/escape-html": {
      "resolved": "node_modules/_escape-html@1.0.3@escape-html",
      "link": true
    },
    "node_modules/_express@4.17.1@express/node_modules/etag": {
      "resolved": "node_modules/_etag@1.8.1@etag",
      "link": true
    },
    "node_modules/_express@4.17.1@express/node_modules/finalhandler": {
      "resolved": "node_modules/_finalhandler@1.1.2@finalhandler",
      "link": true
    },
    "node_modules/_express@4.17.1@express/node_modules/fresh": {
      "resolved": "node_modules/_fresh@0.5.2@fresh",
      "link": true
    },
    "node_modules/_express@4.17.1@express/node_modules/merge-descriptors": {
      "resolved": "node_modules/_merge-descriptors@1.0.1@merge-descriptors",
      "link": true
    },
    "node_modules/_express@4.17.1@express/node_modules/methods": {
      "resolved": "node_modules/_methods@1.1.2@methods",
      "link": true
    },
    "node_modules/_express@4.17.1@express/node_modules/on-finished": {
      "resolved": "node_modules/_on-finished@2.3.0@on-finished",
      "link": true
    },
    "node_modules/_express@4.17.1@express/node_modules/parseurl": {
      "resolved": "node_modules/_parseurl@1.3.3@parseurl",
      "link": true
    },
    "node_modules/_express@4.17.1@express/node_modules/path-to-regexp": {
      "resolved": "node_modules/_path-to-regexp@0.1.7@path-to-regexp",
      "link": true
    },
    "node_modules/_express@4.17.1@express/node_modules/proxy-addr": {
      "resolved": "node_modules/_proxy-addr@2.0.7@proxy-addr",
      "link": true
    },
    "node_modules/_express@4.17.1@express/node_modules/qs": {
      "resolved": "node_modules/_qs@6.7.0@qs",
      "link": true
    },
    "node_modules/_express@4.17.1@express/node_modules/range-parser": {
      "resolved": "node_modules/_range-parser@1.2.1@range-parser",
      "link": true
    },
    "node_modules/_express@4.17.1@express/node_modules/safe-buffer": {
      "resolved": "node_modules/_safe-buffer@5.1.2@safe-buffer",
      "link": true
    },
    "node_modules/_express@4.17.1@express/node_modules/send": {
      "resolved": "node_modules/_send@0.17.1@send",
      "link": true
    },
    "node_modules/_express@4.17.1@express/node_modules/serve-static": {
      "resolved": "node_modules/_serve-static@1.14.1@serve-static",
      "link": true
    },
    "node_modules/_express@4.17.1@express/node_modules/setprototypeof": {
      "resolved": "node_modules/_setprototypeof@1.1.1@setprototypeof",
      "link": true
    },
    "node_modules/_express@4.17.1@express/node_modules/statuses": {
      "resolved": "node_modules/_statuses@1.5.0@statuses",
      "link": true
    },
    "node_modules/_express@4.17.1@express/node_modules/type-is": {
      "resolved": "node_modules/_type-is@1.6.18@type-is",
      "link": true
    },
    "node_modules/_express@4.17.1@express/node_modules/utils-merge": {
      "resolved": "node_modules/_utils-merge@1.0.1@utils-merge",
      "link": true
    },
    "node_modules/_express@4.17.1@express/node_modules/vary": {
      "resolved": "node_modules/_vary@1.1.2@vary",
      "link": true
    },
    "node_modules/_fluent-ffmpeg@2.1.2@fluent-ffmpeg": {
      "name": "fluent-ffmpeg",
      "version": "2.1.2",
      "license": "MIT",
      "dependencies": {
        "async": ">=0.2.9",
        "which": "^1.1.1"
      },
      "engines": {
        "node": ">=0.8.0"
      }
    },
    "node_modules/_fluent-ffmpeg@2.1.2@fluent-ffmpeg/node_modules/async": {
      "resolved": "node_modules/_async@3.2.1@async",
      "link": true
    },
    "node_modules/_fluent-ffmpeg@2.1.2@fluent-ffmpeg/node_modules/which": {
      "resolved": "node_modules/_which@1.3.1@which",
      "link": true
    },
    "node_modules/_websocket-stream@5.5.2@websocket-stream": {
      "name": "websocket-stream",
      "version": "5.5.2",
      "license": "BSD-2-Clause",
      "dependencies": {
        "duplexify": "^3.5.1",
        "inherits": "^2.0.1",
        "readable-stream": "^2.3.3",
        "safe-buffer": "^5.1.2",
        "ws": "^3.2.0",
        "xtend": "^4.0.0"
      }
    },
    "node_modules/_websocket-stream@5.5.2@websocket-stream/node_modules/duplexify": {
      "resolved": "node_modules/_duplexify@3.7.1@duplexify",
      "link": true
    },
    "node_modules/_websocket-stream@5.5.2@websocket-stream/node_modules/inherits": {
      "resolved": "node_modules/_inherits@2.0.4@inherits",
      "link": true
    },
    "node_modules/_websocket-stream@5.5.2@websocket-stream/node_modules/readable-stream": {
      "resolved": "node_modules/_readable-stream@2.3.7@readable-stream",
      "link": true
    },
    "node_modules/_websocket-stream@5.5.2@websocket-stream/node_modules/safe-buffer": {
      "resolved": "node_modules/_safe-buffer@5.2.1@safe-buffer",
      "link": true
    },
    "node_modules/_websocket-stream@5.5.2@websocket-stream/node_modules/ws": {
      "resolved": "node_modules/_ws@3.3.3@ws",
      "link": true
    },
    "node_modules/_websocket-stream@5.5.2@websocket-stream/node_modules/xtend": {
      "resolved": "node_modules/_xtend@4.0.2@xtend",
      "link": true
    },
    "node_modules/_ws@3.3.3@ws": {
      "name": "ws",
      "version": "3.3.3",
      "license": "MIT",
      "dependencies": {
        "async-limiter": "~1.0.0",
        "safe-buffer": "~5.1.0",
        "ultron": "~1.1.0"
      }
    },
    "node_modules/_ws@3.3.3@ws/node_modules/async-limiter": {
      "resolved": "node_modules/_async-limiter@1.0.1@async-limiter",
      "link": true
    },
    "node_modules/_ws@3.3.3@ws/node_modules/safe-buffer": {
      "resolved": "node_modules/_safe-buffer@5.1.2@safe-buffer",
      "link": true
    },
    "node_modules/_ws@3.3.3@ws/node_modules/ultron": {
      "resolved": "node_modules/_ultron@1.1.1@ultron",
      "link": true
    },
    "node_modules/@ffmpeg-installer/darwin-arm64": {
      "version": "4.1.5",
      "resolved": "https://registry.nlark.com/@ffmpeg-installer/darwin-arm64/download/@ffmpeg-installer/darwin-arm64-4.1.5.tgz",
      "integrity": "sha1-t7XCYt2W0a6kgHUU4c3PbhH4J0M=",
      "cpu": [
        "arm64"
      ],
      "hasInstallScript": true,
      "optional": true,
      "os": [
        "darwin"
      ]
    },
    "node_modules/@ffmpeg-installer/darwin-x64": {
      "version": "4.1.0",
      "resolved": "https://registry.nlark.com/@ffmpeg-installer/darwin-x64/download/@ffmpeg-installer/darwin-x64-4.1.0.tgz",
      "integrity": "sha1-SOFwbGkOYoFISCv7ZKy2dHIImqo=",
      "cpu": [
        "x64"
      ],
      "hasInstallScript": true,
      "optional": true,
      "os": [
        "darwin"
      ]
    },
    "node_modules/@ffmpeg-installer/ffmpeg": {
      "version": "1.1.0",
      "resolved": "https://registry.nlark.com/@ffmpeg-installer/ffmpeg/download/@ffmpeg-installer/ffmpeg-1.1.0.tgz",
      "integrity": "sha1-h/2559GA6NePeQP5RB42+XiTipA=",
      "optionalDependencies": {
        "@ffmpeg-installer/darwin-arm64": "4.1.5",
        "@ffmpeg-installer/darwin-x64": "4.1.0",
        "@ffmpeg-installer/linux-arm": "4.1.3",
        "@ffmpeg-installer/linux-arm64": "4.1.4",
        "@ffmpeg-installer/linux-ia32": "4.1.0",
        "@ffmpeg-installer/linux-x64": "4.1.0",
        "@ffmpeg-installer/win32-ia32": "4.1.0",
        "@ffmpeg-installer/win32-x64": "4.1.0"
      }
    },
    "node_modules/@ffmpeg-installer/linux-arm": {
      "version": "4.1.3",
      "resolved": "https://registry.nlark.com/@ffmpeg-installer/linux-arm/download/@ffmpeg-installer/linux-arm-4.1.3.tgz",
      "integrity": "sha1-xVTxBe1fEEdewl177JSSbOGNtME=",
      "cpu": [
        "arm"
      ],
      "hasInstallScript": true,
      "optional": true,
      "os": [
        "linux"
      ]
    },
    "node_modules/@ffmpeg-installer/linux-arm64": {
      "version": "4.1.4",
      "resolved": "https://registry.nlark.com/@ffmpeg-installer/linux-arm64/download/@ffmpeg-installer/linux-arm64-4.1.4.tgz",
      "integrity": "sha1-chnz+QG7Z/eSbLBgtWtpdKbK0p8=",
      "cpu": [
        "arm64"
      ],
      "hasInstallScript": true,
      "optional": true,
      "os": [
        "linux"
      ]
    },
    "node_modules/@ffmpeg-installer/linux-ia32": {
      "version": "4.1.0",
      "resolved": "https://registry.npm.taobao.org/@ffmpeg-installer/linux-ia32/download/@ffmpeg-installer/linux-ia32-4.1.0.tgz",
      "integrity": "sha1-ra1wsNDZ2NgTmD1uaDxaM4p15EI=",
      "cpu": [
        "ia32"
      ],
      "hasInstallScript": true,
      "optional": true,
      "os": [
        "linux"
      ]
    },
    "node_modules/@ffmpeg-installer/linux-x64": {
      "version": "4.1.0",
      "resolved": "https://registry.npm.taobao.org/@ffmpeg-installer/linux-x64/download/@ffmpeg-installer/linux-x64-4.1.0.tgz",
      "integrity": "sha1-tKXYnE4S5tkwbbzcVz33FuwcQyM=",
      "cpu": [
        "x64"
      ],
      "hasInstallScript": true,
      "optional": true,
      "os": [
        "linux"
      ]
    },
    "node_modules/@ffmpeg-installer/win32-ia32": {
      "version": "4.1.0",
      "resolved": "https://registry.nlark.com/@ffmpeg-installer/win32-ia32/download/@ffmpeg-installer/win32-ia32-4.1.0.tgz",
      "integrity": "sha1-bqxPtpG2TALnoRbB4tFn8+m0Bjg=",
      "cpu": [
        "ia32"
      ],
      "optional": true,
      "os": [
        "win32"
      ]
    },
    "node_modules/@ffmpeg-installer/win32-x64": {
      "version": "4.1.0",
      "resolved": "https://registry.npm.taobao.org/@ffmpeg-installer/win32-x64/download/@ffmpeg-installer/win32-x64-4.1.0.tgz",
      "integrity": "sha1-F+hpm1eY1MYONuLWMmqOvl6VosU=",
      "cpu": [
        "x64"
      ],
      "optional": true,
      "os": [
        "win32"
      ]
    },
    "node_modules/express": {
      "resolved": "node_modules/_express@4.17.1@express",
      "link": true
    },
    "node_modules/express-ws": {
      "resolved": "node_modules/_express-ws@5.0.2@express-ws",
      "link": true
    },
    "node_modules/fluent-ffmpeg": {
      "resolved": "node_modules/_fluent-ffmpeg@2.1.2@fluent-ffmpeg",
      "link": true
    },
    "node_modules/websocket-stream": {
      "resolved": "node_modules/_websocket-stream@5.5.2@websocket-stream",
      "link": true
    }
  },
  "dependencies": {
    "_express-ws@5.0.2@express-ws": {
      "version": "npm:express-ws@5.0.2",
      "requires": {
        "ws": "^7.4.6"
      },
      "dependencies": {
        "ws": {
          "version": "7.5.5"
        }
      }
    },
    "_express@4.17.1@express": {
      "version": "npm:express@4.17.1",
      "requires": {
        "accepts": "~1.3.7",
        "array-flatten": "1.1.1",
        "body-parser": "1.19.0",
        "content-disposition": "0.5.3",
        "content-type": "~1.0.4",
        "cookie": "0.4.0",
        "cookie-signature": "1.0.6",
        "debug": "2.6.9",
        "depd": "~1.1.2",
        "encodeurl": "~1.0.2",
        "escape-html": "~1.0.3",
        "etag": "~1.8.1",
        "finalhandler": "~1.1.2",
        "fresh": "0.5.2",
        "merge-descriptors": "1.0.1",
        "methods": "~1.1.2",
        "on-finished": "~2.3.0",
        "parseurl": "~1.3.3",
        "path-to-regexp": "0.1.7",
        "proxy-addr": "~2.0.5",
        "qs": "6.7.0",
        "range-parser": "~1.2.1",
        "safe-buffer": "5.1.2",
        "send": "0.17.1",
        "serve-static": "1.14.1",
        "setprototypeof": "1.1.1",
        "statuses": "~1.5.0",
        "type-is": "~1.6.18",
        "utils-merge": "1.0.1",
        "vary": "~1.1.2"
      },
      "dependencies": {
        "accepts": {
          "version": "1.3.7"
        },
        "array-flatten": {
          "version": "1.1.1"
        },
        "body-parser": {
          "version": "1.19.0"
        },
        "content-disposition": {
          "version": "0.5.3"
        },
        "content-type": {
          "version": "1.0.4"
        },
        "cookie": {
          "version": "0.4.0"
        },
        "cookie-signature": {
          "version": "1.0.6"
        },
        "debug": {
          "version": "2.6.9"
        },
        "depd": {
          "version": "1.1.2"
        },
        "encodeurl": {
          "version": "1.0.2"
        },
        "escape-html": {
          "version": "1.0.3"
        },
        "etag": {
          "version": "1.8.1"
        },
        "finalhandler": {
          "version": "1.1.2"
        },
        "fresh": {
          "version": "0.5.2"
        },
        "merge-descriptors": {
          "version": "1.0.1"
        },
        "methods": {
          "version": "1.1.2"
        },
        "on-finished": {
          "version": "2.3.0"
        },
        "parseurl": {
          "version": "1.3.3"
        },
        "path-to-regexp": {
          "version": "0.1.7"
        },
        "proxy-addr": {
          "version": "2.0.7"
        },
        "qs": {
          "version": "6.7.0"
        },
        "range-parser": {
          "version": "1.2.1"
        },
        "safe-buffer": {
          "version": "5.1.2"
        },
        "send": {
          "version": "0.17.1"
        },
        "serve-static": {
          "version": "1.14.1"
        },
        "setprototypeof": {
          "version": "1.1.1"
        },
        "statuses": {
          "version": "1.5.0"
        },
        "type-is": {
          "version": "1.6.18"
        },
        "utils-merge": {
          "version": "1.0.1"
        },
        "vary": {
          "version": "1.1.2"
        }
      }
    },
    "_fluent-ffmpeg@2.1.2@fluent-ffmpeg": {
      "version": "npm:fluent-ffmpeg@2.1.2",
      "requires": {
        "async": ">=0.2.9",
        "which": "^1.1.1"
      },
      "dependencies": {
        "async": {
          "version": "3.2.1"
        },
        "which": {
          "version": "1.3.1"
        }
      }
    },
    "_websocket-stream@5.5.2@websocket-stream": {
      "version": "npm:websocket-stream@5.5.2",
      "requires": {
        "duplexify": "^3.5.1",
        "inherits": "^2.0.1",
        "readable-stream": "^2.3.3",
        "safe-buffer": "^5.1.2",
        "ws": "^3.2.0",
        "xtend": "^4.0.0"
      },
      "dependencies": {
        "duplexify": {
          "version": "3.7.1"
        },
        "inherits": {
          "version": "2.0.4"
        },
        "readable-stream": {
          "version": "2.3.7"
        },
        "safe-buffer": {
          "version": "5.2.1"
        },
        "ws": {
          "version": "file:node_modules/_ws@3.3.3@ws",
          "requires": {
            "async-limiter": "~1.0.0",
            "safe-buffer": "~5.1.0",
            "ultron": "~1.1.0"
          },
          "dependencies": {
            "async-limiter": {
              "version": "1.0.1"
            },
            "safe-buffer": {
              "version": "5.1.2"
            },
            "ultron": {
              "version": "1.1.1"
            }
          }
        },
        "xtend": {
          "version": "4.0.2"
        }
      }
    },
    "_ws@3.3.3@ws": {
      "version": "npm:ws@3.3.3",
      "requires": {
        "async-limiter": "~1.0.0",
        "safe-buffer": "~5.1.0",
        "ultron": "~1.1.0"
      },
      "dependencies": {
        "async-limiter": {
          "version": "1.0.1"
        },
        "safe-buffer": {
          "version": "5.1.2"
        },
        "ultron": {
          "version": "1.1.1"
        }
      }
    },
    "@ffmpeg-installer/darwin-arm64": {
      "version": "4.1.5",
      "resolved": "https://registry.nlark.com/@ffmpeg-installer/darwin-arm64/download/@ffmpeg-installer/darwin-arm64-4.1.5.tgz",
      "integrity": "sha1-t7XCYt2W0a6kgHUU4c3PbhH4J0M=",
      "optional": true
    },
    "@ffmpeg-installer/darwin-x64": {
      "version": "4.1.0",
      "resolved": "https://registry.nlark.com/@ffmpeg-installer/darwin-x64/download/@ffmpeg-installer/darwin-x64-4.1.0.tgz",
      "integrity": "sha1-SOFwbGkOYoFISCv7ZKy2dHIImqo=",
      "optional": true
    },
    "@ffmpeg-installer/ffmpeg": {
      "version": "1.1.0",
      "resolved": "https://registry.nlark.com/@ffmpeg-installer/ffmpeg/download/@ffmpeg-installer/ffmpeg-1.1.0.tgz",
      "integrity": "sha1-h/2559GA6NePeQP5RB42+XiTipA=",
      "requires": {
        "@ffmpeg-installer/darwin-arm64": "4.1.5",
        "@ffmpeg-installer/darwin-x64": "4.1.0",
        "@ffmpeg-installer/linux-arm": "4.1.3",
        "@ffmpeg-installer/linux-arm64": "4.1.4",
        "@ffmpeg-installer/linux-ia32": "4.1.0",
        "@ffmpeg-installer/linux-x64": "4.1.0",
        "@ffmpeg-installer/win32-ia32": "4.1.0",
        "@ffmpeg-installer/win32-x64": "4.1.0"
      }
    },
    "@ffmpeg-installer/linux-arm": {
      "version": "4.1.3",
      "resolved": "https://registry.nlark.com/@ffmpeg-installer/linux-arm/download/@ffmpeg-installer/linux-arm-4.1.3.tgz",
      "integrity": "sha1-xVTxBe1fEEdewl177JSSbOGNtME=",
      "optional": true
    },
    "@ffmpeg-installer/linux-arm64": {
      "version": "4.1.4",
      "resolved": "https://registry.nlark.com/@ffmpeg-installer/linux-arm64/download/@ffmpeg-installer/linux-arm64-4.1.4.tgz",
      "integrity": "sha1-chnz+QG7Z/eSbLBgtWtpdKbK0p8=",
      "optional": true
    },
    "@ffmpeg-installer/linux-ia32": {
      "version": "4.1.0",
      "resolved": "https://registry.npm.taobao.org/@ffmpeg-installer/linux-ia32/download/@ffmpeg-installer/linux-ia32-4.1.0.tgz",
      "integrity": "sha1-ra1wsNDZ2NgTmD1uaDxaM4p15EI=",
      "optional": true
    },
    "@ffmpeg-installer/linux-x64": {
      "version": "4.1.0",
      "resolved": "https://registry.npm.taobao.org/@ffmpeg-installer/linux-x64/download/@ffmpeg-installer/linux-x64-4.1.0.tgz",
      "integrity": "sha1-tKXYnE4S5tkwbbzcVz33FuwcQyM=",
      "optional": true
    },
    "@ffmpeg-installer/win32-ia32": {
      "version": "4.1.0",
      "resolved": "https://registry.nlark.com/@ffmpeg-installer/win32-ia32/download/@ffmpeg-installer/win32-ia32-4.1.0.tgz",
      "integrity": "sha1-bqxPtpG2TALnoRbB4tFn8+m0Bjg=",
      "optional": true
    },
    "@ffmpeg-installer/win32-x64": {
      "version": "4.1.0",
      "resolved": "https://registry.npm.taobao.org/@ffmpeg-installer/win32-x64/download/@ffmpeg-installer/win32-x64-4.1.0.tgz",
      "integrity": "sha1-F+hpm1eY1MYONuLWMmqOvl6VosU=",
      "optional": true
    },
    "express": {
      "version": "file:node_modules/_express@4.17.1@express",
      "requires": {
        "accepts": "~1.3.7",
        "array-flatten": "1.1.1",
        "body-parser": "1.19.0",
        "content-disposition": "0.5.3",
        "content-type": "~1.0.4",
        "cookie": "0.4.0",
        "cookie-signature": "1.0.6",
        "debug": "2.6.9",
        "depd": "~1.1.2",
        "encodeurl": "~1.0.2",
        "escape-html": "~1.0.3",
        "etag": "~1.8.1",
        "finalhandler": "~1.1.2",
        "fresh": "0.5.2",
        "merge-descriptors": "1.0.1",
        "methods": "~1.1.2",
        "on-finished": "~2.3.0",
        "parseurl": "~1.3.3",
        "path-to-regexp": "0.1.7",
        "proxy-addr": "~2.0.5",
        "qs": "6.7.0",
        "range-parser": "~1.2.1",
        "safe-buffer": "5.1.2",
        "send": "0.17.1",
        "serve-static": "1.14.1",
        "setprototypeof": "1.1.1",
        "statuses": "~1.5.0",
        "type-is": "~1.6.18",
        "utils-merge": "1.0.1",
        "vary": "~1.1.2"
      },
      "dependencies": {
        "accepts": {
          "version": "1.3.7"
        },
        "array-flatten": {
          "version": "1.1.1"
        },
        "body-parser": {
          "version": "1.19.0"
        },
        "content-disposition": {
          "version": "0.5.3"
        },
        "content-type": {
          "version": "1.0.4"
        },
        "cookie": {
          "version": "0.4.0"
        },
        "cookie-signature": {
          "version": "1.0.6"
        },
        "debug": {
          "version": "2.6.9"
        },
        "depd": {
          "version": "1.1.2"
        },
        "encodeurl": {
          "version": "1.0.2"
        },
        "escape-html": {
          "version": "1.0.3"
        },
        "etag": {
          "version": "1.8.1"
        },
        "finalhandler": {
          "version": "1.1.2"
        },
        "fresh": {
          "version": "0.5.2"
        },
        "merge-descriptors": {
          "version": "1.0.1"
        },
        "methods": {
          "version": "1.1.2"
        },
        "on-finished": {
          "version": "2.3.0"
        },
        "parseurl": {
          "version": "1.3.3"
        },
        "path-to-regexp": {
          "version": "0.1.7"
        },
        "proxy-addr": {
          "version": "2.0.7"
        },
        "qs": {
          "version": "6.7.0"
        },
        "range-parser": {
          "version": "1.2.1"
        },
        "safe-buffer": {
          "version": "5.1.2"
        },
        "send": {
          "version": "0.17.1"
        },
        "serve-static": {
          "version": "1.14.1"
        },
        "setprototypeof": {
          "version": "1.1.1"
        },
        "statuses": {
          "version": "1.5.0"
        },
        "type-is": {
          "version": "1.6.18"
        },
        "utils-merge": {
          "version": "1.0.1"
        },
        "vary": {
          "version": "1.1.2"
        }
      }
    },
    "express-ws": {
      "version": "file:node_modules/_express-ws@5.0.2@express-ws",
      "requires": {
        "ws": "^7.4.6"
      },
      "dependencies": {
        "ws": {
          "version": "7.5.5"
        }
      }
    },
    "fluent-ffmpeg": {
      "version": "file:node_modules/_fluent-ffmpeg@2.1.2@fluent-ffmpeg",
      "requires": {
        "async": ">=0.2.9",
        "which": "^1.1.1"
      },
      "dependencies": {
        "async": {
          "version": "3.2.1"
        },
        "which": {
          "version": "1.3.1"
        }
      }
    },
    "websocket-stream": {
      "version": "file:node_modules/_websocket-stream@5.5.2@websocket-stream",
      "requires": {
        "duplexify": "^3.5.1",
        "inherits": "^2.0.1",
        "readable-stream": "^2.3.3",
        "safe-buffer": "^5.1.2",
        "ws": "^3.2.0",
        "xtend": "^4.0.0"
      },
      "dependencies": {
        "duplexify": {
          "version": "3.7.1"
        },
        "inherits": {
          "version": "2.0.4"
        },
        "readable-stream": {
          "version": "2.3.7"
        },
        "safe-buffer": {
          "version": "5.2.1"
        },
        "ws": {
          "version": "file:node_modules/_ws@3.3.3@ws",
          "requires": {
            "async-limiter": "~1.0.0",
            "safe-buffer": "~5.1.0",
            "ultron": "~1.1.0"
          },
          "dependencies": {
            "async-limiter": {
              "version": "1.0.1"
            },
            "safe-buffer": {
              "version": "5.1.2"
            },
            "ultron": {
              "version": "1.1.1"
            }
          }
        },
        "xtend": {
          "version": "4.0.2"
        }
      }
    }
  }
}
